
Microsoft Visual Studio Solution File, Format Version 12.00
# Visual Studio 15
VisualStudioVersion = 15.0.28307.271
MinimumVisualStudioVersion = 10.0.40219.1
Project("{9A19103F-16F7-4668-BE54-9A1E7A4F7556}") = "LifeIn2.RazorUI", "RazorPages1\LifeIn2.RazorUI.csproj", "{AAE38A3C-D811-4958-8327-411D2D0D8DBC}"
EndProject
Project("{2150E333-8FDC-42A3-9474-1A3956D46DE8}") = "Presentation", "Presentation", "{E4516559-B4C3-4D21-A248-5841A7F2883B}"
EndProject
Project("{2150E333-8FDC-42A3-9474-1A3956D46DE8}") = "Src", "Src", "{743AB2F1-A8DB-4AE5-A148-B71D6ABBD61D}"
EndProject
Project("{2150E333-8FDC-42A3-9474-1A3956D46DE8}") = "Docs", "Docs", "{3E3A967C-78A6-4F1F-A70E-6A6D98EF2ED6}"
EndProject
Project("{2150E333-8FDC-42A3-9474-1A3956D46DE8}") = "Tests", "Tests", "{32525527-3136-4681-80CD-E852BB6B4CEB}"
EndProject
Project("{2150E333-8FDC-42A3-9474-1A3956D46DE8}") = "Infrastructure", "Infrastructure", "{FE88F3AC-7041-462B-AAF8-B4C936C58CEB}"
EndProject
Project("{FAE04EC0-301F-11D3-BF4B-00C04F79EFBC}") = "LifeIn2.Persistence", "LifeIn2.Persistence\LifeIn2.Persistence.csproj", "{0E3C6880-2E4E-4AE2-B5A7-9D42CC991175}"
EndProject
Project("{2150E333-8FDC-42A3-9474-1A3956D46DE8}") = "Core", "Core", "{469633F7-0845-4757-9B43-3615C66BD9FB}"
EndProject
Project("{FAE04EC0-301F-11D3-BF4B-00C04F79EFBC}") = "LifeIn2.Domain", "LifeIn2.Domain\LifeIn2.Domain.csproj", "{584A23B3-6F99-430A-B68A-5E10114C819E}"
EndProject
Project("{FAE04EC0-301F-11D3-BF4B-00C04F79EFBC}") = "LifeIn2.Application", "LifeIn2.Application\LifeIn2.Application.csproj", "{47775FA7-F8A9-4DD6-A9B7-87B91FAD73E5}"
EndProject
Global
	GlobalSection(SolutionConfigurationPlatforms) = preSolution
		Debug|Any CPU = Debug|Any CPU
		Release|Any CPU = Release|Any CPU
	EndGlobalSection
	GlobalSection(ProjectConfigurationPlatforms) = postSolution
		{AAE38A3C-D811-4958-8327-411D2D0D8DBC}.Debug|Any CPU.ActiveCfg = Debug|Any CPU
		{AAE38A3C-D811-4958-8327-411D2D0D8DBC}.Debug|Any CPU.Build.0 = Debug|Any CPU
		{AAE38A3C-D811-4958-8327-411D2D0D8DBC}.Release|Any CPU.ActiveCfg = Release|Any CPU
		{AAE38A3C-D811-4958-8327-411D2D0D8DBC}.Release|Any CPU.Build.0 = Release|Any CPU
		{0E3C6880-2E4E-4AE2-B5A7-9D42CC991175}.Debug|Any CPU.ActiveCfg = Debug|Any CPU
		{0E3C6880-2E4E-4AE2-B5A7-9D42CC991175}.Debug|Any CPU.Build.0 = Debug|Any CPU
		{0E3C6880-2E4E-4AE2-B5A7-9D42CC991175}.Release|Any CPU.ActiveCfg = Release|Any CPU
		{0E3C6880-2E4E-4AE2-B5A7-9D42CC991175}.Release|Any CPU.Build.0 = Release|Any CPU
		{584A23B3-6F99-430A-B68A-5E10114C819E}.Debug|Any CPU.ActiveCfg = Debug|Any CPU
		{584A23B3-6F99-430A-B68A-5E10114C819E}.Debug|Any CPU.Build.0 = Debug|Any CPU
		{584A23B3-6F99-430A-B68A-5E10114C819E}.Release|Any CPU.ActiveCfg = Release|Any CPU
		{584A23B3-6F99-430A-B68A-5E10114C819E}.Release|Any CPU.Build.0 = Release|Any CPU
		{47775FA7-F8A9-4DD6-A9B7-87B91FAD73E5}.Debug|Any CPU.ActiveCfg = Debug|Any CPU
		{47775FA7-F8A9-4DD6-A9B7-87B91FAD73E5}.Debug|Any CPU.Build.0 = Debug|Any CPU
		{47775FA7-F8A9-4DD6-A9B7-87B91FAD73E5}.Release|Any CPU.ActiveCfg = Release|Any CPU
		{47775FA7-F8A9-4DD6-A9B7-87B91FAD73E5}.Release|Any CPU.Build.0 = Release|Any CPU
	EndGlobalSection
	GlobalSection(SolutionProperties) = preSolution
		HideSolutionNode = FALSE
	EndGlobalSection
	GlobalSection(NestedProjects) = preSolution
		{AAE38A3C-D811-4958-8327-411D2D0D8DBC} = {E4516559-B4C3-4D21-A248-5841A7F2883B}
		{E4516559-B4C3-4D21-A248-5841A7F2883B} = {743AB2F1-A8DB-4AE5-A148-B71D6ABBD61D}
		{FE88F3AC-7041-462B-AAF8-B4C936C58CEB} = {743AB2F1-A8DB-4AE5-A148-B71D6ABBD61D}
		{0E3C6880-2E4E-4AE2-B5A7-9D42CC991175} = {FE88F3AC-7041-462B-AAF8-B4C936C58CEB}
		{469633F7-0845-4757-9B43-3615C66BD9FB} = {743AB2F1-A8DB-4AE5-A148-B71D6ABBD61D}
		{584A23B3-6F99-430A-B68A-5E10114C819E} = {469633F7-0845-4757-9B43-3615C66BD9FB}
		{47775FA7-F8A9-4DD6-A9B7-87B91FAD73E5} = {469633F7-0845-4757-9B43-3615C66BD9FB}
	EndGlobalSection
	GlobalSection(ExtensibilityGlobals) = postSolution
		SolutionGuid = {C01C8442-DDF6-4380-8953-BB5EBC64E68C}
	EndGlobalSection
EndGlobal
